
Microsoft Visual Studio Solution File, Format Version 12.00
# Visual Studio 15
VisualStudioVersion = 15.0.26228.10
MinimumVisualStudioVersion = 10.0.40219.1
Project("{FAE04EC0-301F-11D3-BF4B-00C04F79EFBC}") = "Nethereum.DappHybrid", "Nethereum.DappHybrid\Nethereum.DappHybrid.csproj", "{C5217B32-9338-4FBB-BCCB-1842642BC8C0}"
EndProject
Project("{2150E333-8FDC-42A3-9474-1A3956D46DE8}") = "Sample", "Sample", "{4B51F6A1-8ED9-4B9B-8E2B-BB031B510B1C}"
EndProject
Project("{FAE04EC0-301F-11D3-BF4B-00C04F79EFBC}") = "DappHybrid.Sample", "DappHybrid.Sample\DappHybrid.Sample\DappHybrid.Sample.csproj", "{1D118734-572C-47EC-BFFA-EC89DF34301B}"
EndProject
Project("{FAE04EC0-301F-11D3-BF4B-00C04F79EFBC}") = "DappHybrid.Sample.Android", "DappHybrid.Sample\DappHybrid.Sample.Android\DappHybrid.Sample.Android.csproj", "{CABEEE82-E8D1-4084-90AA-EDA6B260A8FA}"
EndProject
Project("{FAE04EC0-301F-11D3-BF4B-00C04F79EFBC}") = "DappHybrid.Sample.iOS", "DappHybrid.Sample\DappHybrid.Sample.iOS\DappHybrid.Sample.iOS.csproj", "{225DCDEF-F306-470A-A692-663FA12A3236}"
EndProject
Project("{FAE04EC0-301F-11D3-BF4B-00C04F79EFBC}") = "DappHybrid.Sample.UWP", "DappHybrid.Sample\DappHybrid.Sample.UWP\DappHybrid.Sample.UWP.csproj", "{A00E7FD5-E724-416A-AE2B-D1D727FC641D}"
EndProject
Project("{FAE04EC0-301F-11D3-BF4B-00C04F79EFBC}") = "Nethereum.DappHybrid.Portable", "Nethereum.DappHybrid.Portable\Nethereum.DappHybrid.Portable.csproj", "{67F9D3A8-F71E-4428-913F-C37AE82CDB24}"
EndProject
Global
	GlobalSection(SolutionConfigurationPlatforms) = preSolution
		Debug|Any CPU = Debug|Any CPU
		Debug|ARM = Debug|ARM
		Debug|iPhone = Debug|iPhone
		Debug|iPhoneSimulator = Debug|iPhoneSimulator
		Debug|x64 = Debug|x64
		Debug|x86 = Debug|x86
		Release|Any CPU = Release|Any CPU
		Release|ARM = Release|ARM
		Release|iPhone = Release|iPhone
		Release|iPhoneSimulator = Release|iPhoneSimulator
		Release|x64 = Release|x64
		Release|x86 = Release|x86
	EndGlobalSection
	GlobalSection(ProjectConfigurationPlatforms) = postSolution
		{C5217B32-9338-4FBB-BCCB-1842642BC8C0}.Debug|Any CPU.ActiveCfg = Debug|Any CPU
		{C5217B32-9338-4FBB-BCCB-1842642BC8C0}.Debug|Any CPU.Build.0 = Debug|Any CPU
		{C5217B32-9338-4FBB-BCCB-1842642BC8C0}.Debug|ARM.ActiveCfg = Debug|Any CPU
		{C5217B32-9338-4FBB-BCCB-1842642BC8C0}.Debug|ARM.Build.0 = Debug|Any CPU
		{C5217B32-9338-4FBB-BCCB-1842642BC8C0}.Debug|iPhone.ActiveCfg = Debug|Any CPU
		{C5217B32-9338-4FBB-BCCB-1842642BC8C0}.Debug|iPhone.Build.0 = Debug|Any CPU
		{C5217B32-9338-4FBB-BCCB-1842642BC8C0}.Debug|iPhoneSimulator.ActiveCfg = Debug|Any CPU
		{C5217B32-9338-4FBB-BCCB-1842642BC8C0}.Debug|iPhoneSimulator.Build.0 = Debug|Any CPU
		{C5217B32-9338-4FBB-BCCB-1842642BC8C0}.Debug|x64.ActiveCfg = Debug|Any CPU
		{C5217B32-9338-4FBB-BCCB-1842642BC8C0}.Debug|x64.Build.0 = Debug|Any CPU
		{C5217B32-9338-4FBB-BCCB-1842642BC8C0}.Debug|x86.ActiveCfg = Debug|Any CPU
		{C5217B32-9338-4FBB-BCCB-1842642BC8C0}.Debug|x86.Build.0 = Debug|Any CPU
		{C5217B32-9338-4FBB-BCCB-1842642BC8C0}.Release|Any CPU.ActiveCfg = Release|Any CPU
		{C5217B32-9338-4FBB-BCCB-1842642BC8C0}.Release|Any CPU.Build.0 = Release|Any CPU
		{C5217B32-9338-4FBB-BCCB-1842642BC8C0}.Release|ARM.ActiveCfg = Release|Any CPU
		{C5217B32-9338-4FBB-BCCB-1842642BC8C0}.Release|ARM.Build.0 = Release|Any CPU
		{C5217B32-9338-4FBB-BCCB-1842642BC8C0}.Release|iPhone.ActiveCfg = Release|Any CPU
		{C5217B32-9338-4FBB-BCCB-1842642BC8C0}.Release|iPhone.Build.0 = Release|Any CPU
		{C5217B32-9338-4FBB-BCCB-1842642BC8C0}.Release|iPhoneSimulator.ActiveCfg = Release|Any CPU
		{C5217B32-9338-4FBB-BCCB-1842642BC8C0}.Release|iPhoneSimulator.Build.0 = Release|Any CPU
		{C5217B32-9338-4FBB-BCCB-1842642BC8C0}.Release|x64.ActiveCfg = Release|Any CPU
		{C5217B32-9338-4FBB-BCCB-1842642BC8C0}.Release|x64.Build.0 = Release|Any CPU
		{C5217B32-9338-4FBB-BCCB-1842642BC8C0}.Release|x86.ActiveCfg = Release|Any CPU
		{C5217B32-9338-4FBB-BCCB-1842642BC8C0}.Release|x86.Build.0 = Release|Any CPU
		{1D118734-572C-47EC-BFFA-EC89DF34301B}.Debug|Any CPU.ActiveCfg = Debug|Any CPU
		{1D118734-572C-47EC-BFFA-EC89DF34301B}.Debug|Any CPU.Build.0 = Debug|Any CPU
		{1D118734-572C-47EC-BFFA-EC89DF34301B}.Debug|ARM.ActiveCfg = Debug|Any CPU
		{1D118734-572C-47EC-BFFA-EC89DF34301B}.Debug|ARM.Build.0 = Debug|Any CPU
		{1D118734-572C-47EC-BFFA-EC89DF34301B}.Debug|iPhone.ActiveCfg = Debug|Any CPU
		{1D118734-572C-47EC-BFFA-EC89DF34301B}.Debug|iPhone.Build.0 = Debug|Any CPU
		{1D118734-572C-47EC-BFFA-EC89DF34301B}.Debug|iPhoneSimulator.ActiveCfg = Debug|Any CPU
		{1D118734-572C-47EC-BFFA-EC89DF34301B}.Debug|iPhoneSimulator.Build.0 = Debug|Any CPU
		{1D118734-572C-47EC-BFFA-EC89DF34301B}.Debug|x64.ActiveCfg = Debug|Any CPU
		{1D118734-572C-47EC-BFFA-EC89DF34301B}.Debug|x64.Build.0 = Debug|Any CPU
		{1D118734-572C-47EC-BFFA-EC89DF34301B}.Debug|x86.ActiveCfg = Debug|Any CPU
		{1D118734-572C-47EC-BFFA-EC89DF34301B}.Debug|x86.Build.0 = Debug|Any CPU
		{1D118734-572C-47EC-BFFA-EC89DF34301B}.Release|Any CPU.ActiveCfg = Release|Any CPU
		{1D118734-572C-47EC-BFFA-EC89DF34301B}.Release|Any CPU.Build.0 = Release|Any CPU
		{1D118734-572C-47EC-BFFA-EC89DF34301B}.Release|ARM.ActiveCfg = Release|Any CPU
		{1D118734-572C-47EC-BFFA-EC89DF34301B}.Release|ARM.Build.0 = Release|Any CPU
		{1D118734-572C-47EC-BFFA-EC89DF34301B}.Release|iPhone.ActiveCfg = Release|Any CPU
		{1D118734-572C-47EC-BFFA-EC89DF34301B}.Release|iPhone.Build.0 = Release|Any CPU
		{1D118734-572C-47EC-BFFA-EC89DF34301B}.Release|iPhoneSimulator.ActiveCfg = Release|Any CPU
		{1D118734-572C-47EC-BFFA-EC89DF34301B}.Release|iPhoneSimulator.Build.0 = Release|Any CPU
		{1D118734-572C-47EC-BFFA-EC89DF34301B}.Release|x64.ActiveCfg = Release|Any CPU
		{1D118734-572C-47EC-BFFA-EC89DF34301B}.Release|x64.Build.0 = Release|Any CPU
		{1D118734-572C-47EC-BFFA-EC89DF34301B}.Release|x86.ActiveCfg = Release|Any CPU
		{1D118734-572C-47EC-BFFA-EC89DF34301B}.Release|x86.Build.0 = Release|Any CPU
		{CABEEE82-E8D1-4084-90AA-EDA6B260A8FA}.Debug|Any CPU.ActiveCfg = Debug|Any CPU
		{CABEEE82-E8D1-4084-90AA-EDA6B260A8FA}.Debug|Any CPU.Build.0 = Debug|Any CPU
		{CABEEE82-E8D1-4084-90AA-EDA6B260A8FA}.Debug|Any CPU.Deploy.0 = Debug|Any CPU
		{CABEEE82-E8D1-4084-90AA-EDA6B260A8FA}.Debug|ARM.ActiveCfg = Debug|Any CPU
		{CABEEE82-E8D1-4084-90AA-EDA6B260A8FA}.Debug|ARM.Build.0 = Debug|Any CPU
		{CABEEE82-E8D1-4084-90AA-EDA6B260A8FA}.Debug|ARM.Deploy.0 = Debug|Any CPU
		{CABEEE82-E8D1-4084-90AA-EDA6B260A8FA}.Debug|iPhone.ActiveCfg = Debug|Any CPU
		{CABEEE82-E8D1-4084-90AA-EDA6B260A8FA}.Debug|iPhone.Build.0 = Debug|Any CPU
		{CABEEE82-E8D1-4084-90AA-EDA6B260A8FA}.Debug|iPhone.Deploy.0 = Debug|Any CPU
		{CABEEE82-E8D1-4084-90AA-EDA6B260A8FA}.Debug|iPhoneSimulator.ActiveCfg = Debug|Any CPU
		{CABEEE82-E8D1-4084-90AA-EDA6B260A8FA}.Debug|iPhoneSimulator.Build.0 = Debug|Any CPU
		{CABEEE82-E8D1-4084-90AA-EDA6B260A8FA}.Debug|iPhoneSimulator.Deploy.0 = Debug|Any CPU
		{CABEEE82-E8D1-4084-90AA-EDA6B260A8FA}.Debug|x64.ActiveCfg = Debug|Any CPU
		{CABEEE82-E8D1-4084-90AA-EDA6B260A8FA}.Debug|x64.Build.0 = Debug|Any CPU
		{CABEEE82-E8D1-4084-90AA-EDA6B260A8FA}.Debug|x64.Deploy.0 = Debug|Any CPU
		{CABEEE82-E8D1-4084-90AA-EDA6B260A8FA}.Debug|x86.ActiveCfg = Debug|Any CPU
		{CABEEE82-E8D1-4084-90AA-EDA6B260A8FA}.Debug|x86.Build.0 = Debug|Any CPU
		{CABEEE82-E8D1-4084-90AA-EDA6B260A8FA}.Debug|x86.Deploy.0 = Debug|Any CPU
		{CABEEE82-E8D1-4084-90AA-EDA6B260A8FA}.Release|Any CPU.ActiveCfg = Release|Any CPU
		{CABEEE82-E8D1-4084-90AA-EDA6B260A8FA}.Release|Any CPU.Build.0 = Release|Any CPU
		{CABEEE82-E8D1-4084-90AA-EDA6B260A8FA}.Release|Any CPU.Deploy.0 = Release|Any CPU
		{CABEEE82-E8D1-4084-90AA-EDA6B260A8FA}.Release|ARM.ActiveCfg = Release|Any CPU
		{CABEEE82-E8D1-4084-90AA-EDA6B260A8FA}.Release|ARM.Build.0 = Release|Any CPU
		{CABEEE82-E8D1-4084-90AA-EDA6B260A8FA}.Release|ARM.Deploy.0 = Release|Any CPU
		{CABEEE82-E8D1-4084-90AA-EDA6B260A8FA}.Release|iPhone.ActiveCfg = Release|Any CPU
		{CABEEE82-E8D1-4084-90AA-EDA6B260A8FA}.Release|iPhone.Build.0 = Release|Any CPU
		{CABEEE82-E8D1-4084-90AA-EDA6B260A8FA}.Release|iPhone.Deploy.0 = Release|Any CPU
		{CABEEE82-E8D1-4084-90AA-EDA6B260A8FA}.Release|iPhoneSimulator.ActiveCfg = Release|Any CPU
		{CABEEE82-E8D1-4084-90AA-EDA6B260A8FA}.Release|iPhoneSimulator.Build.0 = Release|Any CPU
		{CABEEE82-E8D1-4084-90AA-EDA6B260A8FA}.Release|iPhoneSimulator.Deploy.0 = Release|Any CPU
		{CABEEE82-E8D1-4084-90AA-EDA6B260A8FA}.Release|x64.ActiveCfg = Release|Any CPU
		{CABEEE82-E8D1-4084-90AA-EDA6B260A8FA}.Release|x64.Build.0 = Release|Any CPU
		{CABEEE82-E8D1-4084-90AA-EDA6B260A8FA}.Release|x64.Deploy.0 = Release|Any CPU
		{CABEEE82-E8D1-4084-90AA-EDA6B260A8FA}.Release|x86.ActiveCfg = Release|Any CPU
		{CABEEE82-E8D1-4084-90AA-EDA6B260A8FA}.Release|x86.Build.0 = Release|Any CPU
		{CABEEE82-E8D1-4084-90AA-EDA6B260A8FA}.Release|x86.Deploy.0 = Release|Any CPU
		{225DCDEF-F306-470A-A692-663FA12A3236}.Debug|Any CPU.ActiveCfg = Debug|iPhone
		{225DCDEF-F306-470A-A692-663FA12A3236}.Debug|ARM.ActiveCfg = Debug|iPhone
		{225DCDEF-F306-470A-A692-663FA12A3236}.Debug|iPhone.ActiveCfg = Debug|iPhone
		{225DCDEF-F306-470A-A692-663FA12A3236}.Debug|iPhone.Build.0 = Debug|iPhone
		{225DCDEF-F306-470A-A692-663FA12A3236}.Debug|iPhoneSimulator.ActiveCfg = Debug|iPhoneSimulator
		{225DCDEF-F306-470A-A692-663FA12A3236}.Debug|iPhoneSimulator.Build.0 = Debug|iPhoneSimulator
		{225DCDEF-F306-470A-A692-663FA12A3236}.Debug|x64.ActiveCfg = Debug|iPhone
		{225DCDEF-F306-470A-A692-663FA12A3236}.Debug|x86.ActiveCfg = Debug|iPhone
		{225DCDEF-F306-470A-A692-663FA12A3236}.Release|Any CPU.ActiveCfg = Release|iPhone
		{225DCDEF-F306-470A-A692-663FA12A3236}.Release|ARM.ActiveCfg = Release|iPhone
		{225DCDEF-F306-470A-A692-663FA12A3236}.Release|iPhone.ActiveCfg = Release|iPhone
		{225DCDEF-F306-470A-A692-663FA12A3236}.Release|iPhone.Build.0 = Release|iPhone
		{225DCDEF-F306-470A-A692-663FA12A3236}.Release|iPhoneSimulator.ActiveCfg = Release|iPhoneSimulator
		{225DCDEF-F306-470A-A692-663FA12A3236}.Release|iPhoneSimulator.Build.0 = Release|iPhoneSimulator
		{225DCDEF-F306-470A-A692-663FA12A3236}.Release|x64.ActiveCfg = Release|iPhone
		{225DCDEF-F306-470A-A692-663FA12A3236}.Release|x86.ActiveCfg = Release|iPhone
		{A00E7FD5-E724-416A-AE2B-D1D727FC641D}.Debug|Any CPU.ActiveCfg = Debug|x86
		{A00E7FD5-E724-416A-AE2B-D1D727FC641D}.Debug|Any CPU.Deploy.0 = Debug|x86
		{A00E7FD5-E724-416A-AE2B-D1D727FC641D}.Debug|ARM.ActiveCfg = Debug|ARM
		{A00E7FD5-E724-416A-AE2B-D1D727FC641D}.Debug|ARM.Build.0 = Debug|ARM
		{A00E7FD5-E724-416A-AE2B-D1D727FC641D}.Debug|ARM.Deploy.0 = Debug|ARM
		{A00E7FD5-E724-416A-AE2B-D1D727FC641D}.Debug|iPhone.ActiveCfg = Debug|x86
		{A00E7FD5-E724-416A-AE2B-D1D727FC641D}.Debug|iPhoneSimulator.ActiveCfg = Debug|x86
		{A00E7FD5-E724-416A-AE2B-D1D727FC641D}.Debug|x64.ActiveCfg = Debug|x64
		{A00E7FD5-E724-416A-AE2B-D1D727FC641D}.Debug|x64.Build.0 = Debug|x64
		{A00E7FD5-E724-416A-AE2B-D1D727FC641D}.Debug|x64.Deploy.0 = Debug|x64
		{A00E7FD5-E724-416A-AE2B-D1D727FC641D}.Debug|x86.ActiveCfg = Debug|x86
		{A00E7FD5-E724-416A-AE2B-D1D727FC641D}.Debug|x86.Build.0 = Debug|x86
		{A00E7FD5-E724-416A-AE2B-D1D727FC641D}.Debug|x86.Deploy.0 = Debug|x86
		{A00E7FD5-E724-416A-AE2B-D1D727FC641D}.Release|Any CPU.ActiveCfg = Release|x86
		{A00E7FD5-E724-416A-AE2B-D1D727FC641D}.Release|ARM.ActiveCfg = Release|ARM
		{A00E7FD5-E724-416A-AE2B-D1D727FC641D}.Release|ARM.Build.0 = Release|ARM
		{A00E7FD5-E724-416A-AE2B-D1D727FC641D}.Release|ARM.Deploy.0 = Release|ARM
		{A00E7FD5-E724-416A-AE2B-D1D727FC641D}.Release|iPhone.ActiveCfg = Release|x86
		{A00E7FD5-E724-416A-AE2B-D1D727FC641D}.Release|iPhoneSimulator.ActiveCfg = Release|x86
		{A00E7FD5-E724-416A-AE2B-D1D727FC641D}.Release|x64.ActiveCfg = Release|x64
		{A00E7FD5-E724-416A-AE2B-D1D727FC641D}.Release|x64.Build.0 = Release|x64
		{A00E7FD5-E724-416A-AE2B-D1D727FC641D}.Release|x64.Deploy.0 = Release|x64
		{A00E7FD5-E724-416A-AE2B-D1D727FC641D}.Release|x86.ActiveCfg = Release|x86
		{A00E7FD5-E724-416A-AE2B-D1D727FC641D}.Release|x86.Build.0 = Release|x86
		{A00E7FD5-E724-416A-AE2B-D1D727FC641D}.Release|x86.Deploy.0 = Release|x86
		{67F9D3A8-F71E-4428-913F-C37AE82CDB24}.Debug|Any CPU.ActiveCfg = Debug|Any CPU
		{67F9D3A8-F71E-4428-913F-C37AE82CDB24}.Debug|Any CPU.Build.0 = Debug|Any CPU
		{67F9D3A8-F71E-4428-913F-C37AE82CDB24}.Debug|ARM.ActiveCfg = Debug|Any CPU
		{67F9D3A8-F71E-4428-913F-C37AE82CDB24}.Debug|ARM.Build.0 = Debug|Any CPU
		{67F9D3A8-F71E-4428-913F-C37AE82CDB24}.Debug|iPhone.ActiveCfg = Debug|Any CPU
		{67F9D3A8-F71E-4428-913F-C37AE82CDB24}.Debug|iPhone.Build.0 = Debug|Any CPU
		{67F9D3A8-F71E-4428-913F-C37AE82CDB24}.Debug|iPhoneSimulator.ActiveCfg = Debug|Any CPU
		{67F9D3A8-F71E-4428-913F-C37AE82CDB24}.Debug|iPhoneSimulator.Build.0 = Debug|Any CPU
		{67F9D3A8-F71E-4428-913F-C37AE82CDB24}.Debug|x64.ActiveCfg = Debug|Any CPU
		{67F9D3A8-F71E-4428-913F-C37AE82CDB24}.Debug|x64.Build.0 = Debug|Any CPU
		{67F9D3A8-F71E-4428-913F-C37AE82CDB24}.Debug|x86.ActiveCfg = Debug|Any CPU
		{67F9D3A8-F71E-4428-913F-C37AE82CDB24}.Debug|x86.Build.0 = Debug|Any CPU
		{67F9D3A8-F71E-4428-913F-C37AE82CDB24}.Release|Any CPU.ActiveCfg = Release|Any CPU
		{67F9D3A8-F71E-4428-913F-C37AE82CDB24}.Release|Any CPU.Build.0 = Release|Any CPU
		{67F9D3A8-F71E-4428-913F-C37AE82CDB24}.Release|ARM.ActiveCfg = Release|Any CPU
		{67F9D3A8-F71E-4428-913F-C37AE82CDB24}.Release|ARM.Build.0 = Release|Any CPU
		{67F9D3A8-F71E-4428-913F-C37AE82CDB24}.Release|iPhone.ActiveCfg = Release|Any CPU
		{67F9D3A8-F71E-4428-913F-C37AE82CDB24}.Release|iPhone.Build.0 = Release|Any CPU
		{67F9D3A8-F71E-4428-913F-C37AE82CDB24}.Release|iPhoneSimulator.ActiveCfg = Release|Any CPU
		{67F9D3A8-F71E-4428-913F-C37AE82CDB24}.Release|iPhoneSimulator.Build.0 = Release|Any CPU
		{67F9D3A8-F71E-4428-913F-C37AE82CDB24}.Release|x64.ActiveCfg = Release|Any CPU
		{67F9D3A8-F71E-4428-913F-C37AE82CDB24}.Release|x64.Build.0 = Release|Any CPU
		{67F9D3A8-F71E-4428-913F-C37AE82CDB24}.Release|x86.ActiveCfg = Release|Any CPU
		{67F9D3A8-F71E-4428-913F-C37AE82CDB24}.Release|x86.Build.0 = Release|Any CPU
	EndGlobalSection
	GlobalSection(SolutionProperties) = preSolution
		HideSolutionNode = FALSE
	EndGlobalSection
	GlobalSection(NestedProjects) = preSolution
		{1D118734-572C-47EC-BFFA-EC89DF34301B} = {4B51F6A1-8ED9-4B9B-8E2B-BB031B510B1C}
		{CABEEE82-E8D1-4084-90AA-EDA6B260A8FA} = {4B51F6A1-8ED9-4B9B-8E2B-BB031B510B1C}
		{225DCDEF-F306-470A-A692-663FA12A3236} = {4B51F6A1-8ED9-4B9B-8E2B-BB031B510B1C}
		{A00E7FD5-E724-416A-AE2B-D1D727FC641D} = {4B51F6A1-8ED9-4B9B-8E2B-BB031B510B1C}
	EndGlobalSection
EndGlobal
